
Microsoft Visual Studio Solution File, Format Version 12.00
# Visual Studio 15
VisualStudioVersion = 15.0.28307.572
MinimumVisualStudioVersion = 10.0.40219.1
Project("{FAE04EC0-301F-11D3-BF4B-00C04F79EFBC}") = "Lab17", "Lab17\Lab17.csproj", "{AE01DB09-B695-46EC-8A55-B059F3DB666B}"
EndProject
Global
	GlobalSection(SolutionConfigurationPlatforms) = preSolution
		Debug|Any CPU = Debug|Any CPU
		Release|Any CPU = Release|Any CPU
	EndGlobalSection
	GlobalSection(ProjectConfigurationPlatforms) = postSolution
		{AE01DB09-B695-46EC-8A55-B059F3DB666B}.Debug|Any CPU.ActiveCfg = Debug|Any CPU
		{AE01DB09-B695-46EC-8A55-B059F3DB666B}.Debug|Any CPU.Build.0 = Debug|Any CPU
		{AE01DB09-B695-46EC-8A55-B059F3DB666B}.Release|Any CPU.ActiveCfg = Release|Any CPU
		{AE01DB09-B695-46EC-8A55-B059F3DB666B}.Release|Any CPU.Build.0 = Release|Any CPU
	EndGlobalSection
	GlobalSection(SolutionProperties) = preSolution
		HideSolutionNode = FALSE
	EndGlobalSection
	GlobalSection(ExtensibilityGlobals) = postSolution
		SolutionGuid = {388295F3-6281-4FF4-8B24-2BA578A439E9}
	EndGlobalSection
EndGlobal
